
Microsoft Visual Studio Solution File, Format Version 12.00
# Visual Studio Version 17
VisualStudioVersion = 17.10.35122.118
MinimumVisualStudioVersion = 10.0.40219.1
Project("{9A19103F-16F7-4668-BE54-9A1E7A4F7556}") = "BlazorSyncfushionCrm.Server", "BlazorSyncfushionCrm.Server\BlazorSyncfushionCrm.Server.csproj", "{AA2D378B-A4FB-42B9-9F3F-493431BD1462}"
EndProject
Project("{9A19103F-16F7-4668-BE54-9A1E7A4F7556}") = "BlazorSyncfushionCrm.Shared", "BlazorSyncfushionCrm.Shared\BlazorSyncfushionCrm.Shared.csproj", "{6942CDDB-7BC4-459A-A2F4-5A37B1846C6F}"
EndProject
Project("{9A19103F-16F7-4668-BE54-9A1E7A4F7556}") = "BlazorSyncfushionCrm.Client", "BlazorSyncfushionCrm.Client\BlazorSyncfushionCrm.Client.csproj", "{925F2698-C4FC-491F-8F9F-16B83E6B40F7}"
EndProject
Global
	GlobalSection(SolutionConfigurationPlatforms) = preSolution
		Debug|Any CPU = Debug|Any CPU
		Release|Any CPU = Release|Any CPU
	EndGlobalSection
	GlobalSection(ProjectConfigurationPlatforms) = postSolution
		{AA2D378B-A4FB-42B9-9F3F-493431BD1462}.Debug|Any CPU.ActiveCfg = Debug|Any CPU
		{AA2D378B-A4FB-42B9-9F3F-493431BD1462}.Debug|Any CPU.Build.0 = Debug|Any CPU
		{AA2D378B-A4FB-42B9-9F3F-493431BD1462}.Release|Any CPU.ActiveCfg = Release|Any CPU
		{AA2D378B-A4FB-42B9-9F3F-493431BD1462}.Release|Any CPU.Build.0 = Release|Any CPU
		{6942CDDB-7BC4-459A-A2F4-5A37B1846C6F}.Debug|Any CPU.ActiveCfg = Debug|Any CPU
		{6942CDDB-7BC4-459A-A2F4-5A37B1846C6F}.Debug|Any CPU.Build.0 = Debug|Any CPU
		{6942CDDB-7BC4-459A-A2F4-5A37B1846C6F}.Release|Any CPU.ActiveCfg = Release|Any CPU
		{6942CDDB-7BC4-459A-A2F4-5A37B1846C6F}.Release|Any CPU.Build.0 = Release|Any CPU
		{925F2698-C4FC-491F-8F9F-16B83E6B40F7}.Debug|Any CPU.ActiveCfg = Debug|Any CPU
		{925F2698-C4FC-491F-8F9F-16B83E6B40F7}.Debug|Any CPU.Build.0 = Debug|Any CPU
		{925F2698-C4FC-491F-8F9F-16B83E6B40F7}.Release|Any CPU.ActiveCfg = Release|Any CPU
		{925F2698-C4FC-491F-8F9F-16B83E6B40F7}.Release|Any CPU.Build.0 = Release|Any CPU
	EndGlobalSection
	GlobalSection(SolutionProperties) = preSolution
		HideSolutionNode = FALSE
	EndGlobalSection
	GlobalSection(ExtensibilityGlobals) = postSolution
		SolutionGuid = {24F3F57C-A9F5-4138-A4BE-3B8ADB9BEA0A}
	EndGlobalSection
EndGlobal
